
Microsoft Visual Studio Solution File, Format Version 12.00
# Visual Studio 15
VisualStudioVersion = 15.0.27130.2026
MinimumVisualStudioVersion = 10.0.40219.1
Project("{FAE04EC0-301F-11D3-BF4B-00C04F79EFBC}") = "ProjectCeilidh.Ceilidh.EtoShell", "ProjectCeilidh.Ceilidh.EtoShell\ProjectCeilidh.Ceilidh.EtoShell.csproj", "{4B0E3290-64A9-4117-BBD7-0FF817B7295C}"
EndProject
Project("{FAE04EC0-301F-11D3-BF4B-00C04F79EFBC}") = "ProjectCeilidh.Ceilidh.EtoShell.XamMac", "ProjectCeilidh.Ceilidh.EtoShell.XamMac\ProjectCeilidh.Ceilidh.EtoShell.XamMac.csproj", "{5D5B0DA6-2959-4D0F-8F6A-4048C77F5ABC}"
EndProject
Project("{FAE04EC0-301F-11D3-BF4B-00C04F79EFBC}") = "ProjectCeilidh.Ceilidh.Standard", "Ceilidh.Standard\ProjectCeilidh.Ceilidh.Standard\ProjectCeilidh.Ceilidh.Standard.csproj", "{D3AF82FD-F4D7-4611-9994-169FE69438E7}"
EndProject
Project("{9344BDBB-3E7F-41FC-A0DD-8665D75EE146}") = "ProjectCeilidh.Ceilidh.EtoShell.Gtk", "ProjectCeilidh.Ceilidh.EtoShell.Gtk\ProjectCeilidh.Ceilidh.EtoShell.Gtk.csproj", "{33E1A66E-5219-4613-9AC7-9A1D4BF6DB1E}"
EndProject
Project("{9344BDBB-3E7F-41FC-A0DD-8665D75EE146}") = "ProjectCeilidh.Ceilidh.EtoShell.Wpf", "ProjectCeilidh.Ceilidh.EtoShell.Wpf\ProjectCeilidh.Ceilidh.EtoShell.Wpf.csproj", "{894565C2-2291-4589-ABD0-C8A026A61571}"
EndProject
Global
	GlobalSection(SolutionConfigurationPlatforms) = preSolution
		Debug|Any CPU = Debug|Any CPU
		Release|Any CPU = Release|Any CPU
	EndGlobalSection
	GlobalSection(ProjectConfigurationPlatforms) = postSolution
		{4B0E3290-64A9-4117-BBD7-0FF817B7295C}.Debug|Any CPU.ActiveCfg = Debug|Any CPU
		{4B0E3290-64A9-4117-BBD7-0FF817B7295C}.Debug|Any CPU.Build.0 = Debug|Any CPU
		{4B0E3290-64A9-4117-BBD7-0FF817B7295C}.Release|Any CPU.ActiveCfg = Release|Any CPU
		{4B0E3290-64A9-4117-BBD7-0FF817B7295C}.Release|Any CPU.Build.0 = Release|Any CPU
		{5D5B0DA6-2959-4D0F-8F6A-4048C77F5ABC}.Debug|Any CPU.ActiveCfg = Debug|Any CPU
		{5D5B0DA6-2959-4D0F-8F6A-4048C77F5ABC}.Debug|Any CPU.Build.0 = Debug|Any CPU
		{5D5B0DA6-2959-4D0F-8F6A-4048C77F5ABC}.Release|Any CPU.ActiveCfg = Release|Any CPU
		{5D5B0DA6-2959-4D0F-8F6A-4048C77F5ABC}.Release|Any CPU.Build.0 = Release|Any CPU
		{D3AF82FD-F4D7-4611-9994-169FE69438E7}.Debug|Any CPU.ActiveCfg = Debug|Any CPU
		{D3AF82FD-F4D7-4611-9994-169FE69438E7}.Debug|Any CPU.Build.0 = Debug|Any CPU
		{D3AF82FD-F4D7-4611-9994-169FE69438E7}.Release|Any CPU.ActiveCfg = Release|Any CPU
		{D3AF82FD-F4D7-4611-9994-169FE69438E7}.Release|Any CPU.Build.0 = Release|Any CPU
		{33E1A66E-5219-4613-9AC7-9A1D4BF6DB1E}.Debug|Any CPU.ActiveCfg = Debug|Any CPU
		{33E1A66E-5219-4613-9AC7-9A1D4BF6DB1E}.Debug|Any CPU.Build.0 = Debug|Any CPU
		{33E1A66E-5219-4613-9AC7-9A1D4BF6DB1E}.Release|Any CPU.ActiveCfg = Release|Any CPU
		{33E1A66E-5219-4613-9AC7-9A1D4BF6DB1E}.Release|Any CPU.Build.0 = Release|Any CPU
		{894565C2-2291-4589-ABD0-C8A026A61571}.Debug|Any CPU.ActiveCfg = Debug|Any CPU
		{894565C2-2291-4589-ABD0-C8A026A61571}.Debug|Any CPU.Build.0 = Debug|Any CPU
		{894565C2-2291-4589-ABD0-C8A026A61571}.Release|Any CPU.ActiveCfg = Release|Any CPU
		{894565C2-2291-4589-ABD0-C8A026A61571}.Release|Any CPU.Build.0 = Release|Any CPU
	EndGlobalSection
	GlobalSection(SolutionProperties) = preSolution
		HideSolutionNode = FALSE
	EndGlobalSection
	GlobalSection(ExtensibilityGlobals) = postSolution
		SolutionGuid = {47857121-F23B-4FD1-B3FD-23A0B03BB92D}
	EndGlobalSection
EndGlobal
