
Microsoft Visual Studio Solution File, Format Version 12.00
# Visual Studio 15
VisualStudioVersion = 15.0.27130.2026
MinimumVisualStudioVersion = 10.0.40219.1
Project("{FAE04EC0-301F-11D3-BF4B-00C04F79EFBC}") = "ProjectCeilidh.Ceilidh.EtoShell", "ProjectCeilidh.Ceilidh.EtoShell\ProjectCeilidh.Ceilidh.EtoShell.csproj", "{4B0E3290-64A9-4117-BBD7-0FF817B7295C}"
EndProject
Project("{FAE04EC0-301F-11D3-BF4B-00C04F79EFBC}") = "ProjectCeilidh.Ceilidh.EtoShell.Gtk", "ProjectCeilidh.Ceilidh.EtoShell.Gtk\ProjectCeilidh.Ceilidh.EtoShell.Gtk.csproj", "{1ECA311F-1D1E-44CB-BE7B-13EB6907C20F}"
EndProject
Project("{FAE04EC0-301F-11D3-BF4B-00C04F79EFBC}") = "ProjectCeilidh.Ceilidh.EtoShell.Wpf", "ProjectCeilidh.Ceilidh.EtoShell.Wpf\ProjectCeilidh.Ceilidh.EtoShell.Wpf.csproj", "{8E317EFB-8BB9-4F41-B1B0-C490FF860FB3}"
EndProject
Project("{FAE04EC0-301F-11D3-BF4B-00C04F79EFBC}") = "ProjectCeilidh.Ceilidh.EtoShell.XamMac", "ProjectCeilidh.Ceilidh.EtoShell.XamMac\ProjectCeilidh.Ceilidh.EtoShell.XamMac.csproj", "{5D5B0DA6-2959-4D0F-8F6A-4048C77F5ABC}"
EndProject
Project("{FAE04EC0-301F-11D3-BF4B-00C04F79EFBC}") = "ProjectCeilidh.Ceilidh.Standard", "Ceilidh.Standard\ProjectCeilidh.Ceilidh.Standard\ProjectCeilidh.Ceilidh.Standard.csproj", "{D3AF82FD-F4D7-4611-9994-169FE69438E7}"
EndProject
Global
	GlobalSection(SolutionConfigurationPlatforms) = preSolution
		Debug|Any CPU = Debug|Any CPU
		Release|Any CPU = Release|Any CPU
	EndGlobalSection
	GlobalSection(ProjectConfigurationPlatforms) = postSolution
		{4B0E3290-64A9-4117-BBD7-0FF817B7295C}.Debug|Any CPU.ActiveCfg = Debug|Any CPU
		{4B0E3290-64A9-4117-BBD7-0FF817B7295C}.Debug|Any CPU.Build.0 = Debug|Any CPU
		{4B0E3290-64A9-4117-BBD7-0FF817B7295C}.Release|Any CPU.ActiveCfg = Release|Any CPU
		{4B0E3290-64A9-4117-BBD7-0FF817B7295C}.Release|Any CPU.Build.0 = Release|Any CPU
		{1ECA311F-1D1E-44CB-BE7B-13EB6907C20F}.Debug|Any CPU.ActiveCfg = Debug|Any CPU
		{1ECA311F-1D1E-44CB-BE7B-13EB6907C20F}.Debug|Any CPU.Build.0 = Debug|Any CPU
		{1ECA311F-1D1E-44CB-BE7B-13EB6907C20F}.Release|Any CPU.ActiveCfg = Release|Any CPU
		{1ECA311F-1D1E-44CB-BE7B-13EB6907C20F}.Release|Any CPU.Build.0 = Release|Any CPU
		{8E317EFB-8BB9-4F41-B1B0-C490FF860FB3}.Debug|Any CPU.ActiveCfg = Debug|Any CPU
		{8E317EFB-8BB9-4F41-B1B0-C490FF860FB3}.Debug|Any CPU.Build.0 = Debug|Any CPU
		{8E317EFB-8BB9-4F41-B1B0-C490FF860FB3}.Release|Any CPU.ActiveCfg = Release|Any CPU
		{8E317EFB-8BB9-4F41-B1B0-C490FF860FB3}.Release|Any CPU.Build.0 = Release|Any CPU
		{5D5B0DA6-2959-4D0F-8F6A-4048C77F5ABC}.Debug|Any CPU.ActiveCfg = Debug|Any CPU
		{5D5B0DA6-2959-4D0F-8F6A-4048C77F5ABC}.Debug|Any CPU.Build.0 = Debug|Any CPU
		{5D5B0DA6-2959-4D0F-8F6A-4048C77F5ABC}.Release|Any CPU.ActiveCfg = Release|Any CPU
		{5D5B0DA6-2959-4D0F-8F6A-4048C77F5ABC}.Release|Any CPU.Build.0 = Release|Any CPU
		{D3AF82FD-F4D7-4611-9994-169FE69438E7}.Debug|Any CPU.ActiveCfg = Debug|Any CPU
		{D3AF82FD-F4D7-4611-9994-169FE69438E7}.Debug|Any CPU.Build.0 = Debug|Any CPU
		{D3AF82FD-F4D7-4611-9994-169FE69438E7}.Release|Any CPU.ActiveCfg = Release|Any CPU
		{D3AF82FD-F4D7-4611-9994-169FE69438E7}.Release|Any CPU.Build.0 = Release|Any CPU
	EndGlobalSection
	GlobalSection(SolutionProperties) = preSolution
		HideSolutionNode = FALSE
	EndGlobalSection
	GlobalSection(ExtensibilityGlobals) = postSolution
		SolutionGuid = {47857121-F23B-4FD1-B3FD-23A0B03BB92D}
	EndGlobalSection
EndGlobal
